github.com/chrj/smtpd v0.3.1 h1:kogHFkbFdKaoH3bgZkqNC9uVtKYOFfM3uV3rroBdooE=
github.com/chrj/smtpd v0.3.1/go.mod h1:JtABvV/LzvLmEIzy0NyDnrfMGOMd8wy5frAokwf6J9Q=
github.com/google/uuid v1.6.0 h1:NIvaJDMOsjHA8n1jAhLSgzrAzy1Hgr+hNrb57e+94F0=
github.com/google/uuid v1.6.0/go.mod h1:TIyPZe4MgqvfeYDBFedMoGGpEw/LqOeaOT+nhxU+yHo=
github.com/gorilla/mux v1.8.1 h1:TuBL49tXwgrFYWhqrNgrUNEY92u81SPhu7sTdzQEiWY=
github.com/gorilla/mux v1.8.1/go.mod h1:AKf9I4AEqPTmMytcMc0KkNouC66V3BtZ4qD5fmWSiMQ=
